
Microsoft Visual Studio Solution File, Format Version 12.00
# Visual Studio Version 17
VisualStudioVersion = 17.8.34316.72
MinimumVisualStudioVersion = 10.0.40219.1
Project("{9A19103F-16F7-4668-BE54-9A1E7A4F7556}") = "XmlTree", "XmlTree\XmlTree.csproj", "{95078EBE-7230-4B97-A9D8-23C66ED6F4F5}"
EndProject
Project("{9A19103F-16F7-4668-BE54-9A1E7A4F7556}") = "Tests", "Tests\Tests.csproj", "{929E41D9-363A-40F9-886C-2DC323FBC422}"
EndProject
Global
	GlobalSection(SolutionConfigurationPlatforms) = preSolution
		Debug|Any CPU = Debug|Any CPU
		Release|Any CPU = Release|Any CPU
	EndGlobalSection
	GlobalSection(ProjectConfigurationPlatforms) = postSolution
		{95078EBE-7230-4B97-A9D8-23C66ED6F4F5}.Debug|Any CPU.ActiveCfg = Debug|Any CPU
		{95078EBE-7230-4B97-A9D8-23C66ED6F4F5}.Debug|Any CPU.Build.0 = Debug|Any CPU
		{95078EBE-7230-4B97-A9D8-23C66ED6F4F5}.Release|Any CPU.ActiveCfg = Release|Any CPU
		{95078EBE-7230-4B97-A9D8-23C66ED6F4F5}.Release|Any CPU.Build.0 = Release|Any CPU
		{929E41D9-363A-40F9-886C-2DC323FBC422}.Debug|Any CPU.ActiveCfg = Debug|Any CPU
		{929E41D9-363A-40F9-886C-2DC323FBC422}.Debug|Any CPU.Build.0 = Debug|Any CPU
		{929E41D9-363A-40F9-886C-2DC323FBC422}.Release|Any CPU.ActiveCfg = Release|Any CPU
		{929E41D9-363A-40F9-886C-2DC323FBC422}.Release|Any CPU.Build.0 = Release|Any CPU
	EndGlobalSection
	GlobalSection(SolutionProperties) = preSolution
		HideSolutionNode = FALSE
	EndGlobalSection
	GlobalSection(ExtensibilityGlobals) = postSolution
		SolutionGuid = {57E14098-33D2-45EC-A415-9FD85F55C1E7}
	EndGlobalSection
EndGlobal
